// !$*UTF8*$!
{
	archiveVersion = 1;
	classes = {
	};
	objectVersion = 60;
	objects = {

/* Begin PBXBuildFile section */
		3BCBA3B82C502C8E00736B9B /* smswithoutborders_libsig_doubleratchet.swift in Sources */ = {isa = PBXBuildFile; fileRef = 3BCBA3B72C502C8E00736B9B /* smswithoutborders_libsig_doubleratchet.swift */; };
		3BCBA3BF2C502DCD00736B9B /* protocols.swift in Sources */ = {isa = PBXBuildFile; fileRef = 3BCBA3BE2C502DCD00736B9B /* protocols.swift */; };
		3BCBA3C32C5030DD00736B9B /* SecurityCurve25519.swift in Sources */ = {isa = PBXBuildFile; fileRef = 3BCBA3C22C5030DD00736B9B /* SecurityCurve25519.swift */; };
		3BCBA3C62C50331F00736B9B /* headers.swift in Sources */ = {isa = PBXBuildFile; fileRef = 3BCBA3C52C50331F00736B9B /* headers.swift */; };
		3BCBA3C82C50333200736B9B /* states.swift in Sources */ = {isa = PBXBuildFile; fileRef = 3BCBA3C72C50333200736B9B /* states.swift */; };
		3BDADAE42C56DF2700539E57 /* CryptoHelper.swift in Sources */ = {isa = PBXBuildFile; fileRef = 3BDADAE32C56DF2700539E57 /* CryptoHelper.swift */; };
		3BDADAE72C56F95200539E57 /* CryptoSwift in Frameworks */ = {isa = PBXBuildFile; productRef = 3BDADAE62C56F95200539E57 /* CryptoSwift */; };
		3BDADAEF2C57C39300539E57 /* smswithoutborders_libsig_doubleratchet_Test.swift in Sources */ = {isa = PBXBuildFile; fileRef = 3BDADAEE2C57C39300539E57 /* smswithoutborders_libsig_doubleratchet_Test.swift */; };
		3BDADAF02C57C39300539E57 /* libsmswithoutborders_libsig_doubleratchet.a in Frameworks */ = {isa = PBXBuildFile; fileRef = 3BCBA3B42C502C8E00736B9B /* libsmswithoutborders_libsig_doubleratchet.a */; };
		3BDADAF72C5A406300539E57 /* Commons.swift in Sources */ = {isa = PBXBuildFile; fileRef = 3BDADAF62C5A406300539E57 /* Commons.swift */; };
/* End PBXBuildFile section */

/* Begin PBXContainerItemProxy section */
		3BDADAF12C57C39300539E57 /* PBXContainerItemProxy */ = {
			isa = PBXContainerItemProxy;
			containerPortal = 3BCBA3AC2C502C8E00736B9B /* Project object */;
			proxyType = 1;
			remoteGlobalIDString = 3BCBA3B32C502C8E00736B9B;
			remoteInfo = smswithoutborders_libsig_doubleratchet;
		};
/* End PBXContainerItemProxy section */

/* Begin PBXCopyFilesBuildPhase section */
		3BCBA3B22C502C8E00736B9B /* CopyFiles */ = {
			isa = PBXCopyFilesBuildPhase;
			buildActionMask = 2147483647;
			dstPath = "include/$(PRODUCT_NAME)";
			dstSubfolderSpec = 16;
			files = (
			);
			runOnlyForDeploymentPostprocessing = 0;
		};
/* End PBXCopyFilesBuildPhase section */

/* Begin PBXFileReference section */
		3BCBA3B42C502C8E00736B9B /* libsmswithoutborders_libsig_doubleratchet.a */ = {isa = PBXFileReference; explicitFileType = archive.ar; includeInIndex = 0; path = libsmswithoutborders_libsig_doubleratchet.a; sourceTree = BUILT_PRODUCTS_DIR; };
		3BCBA3B72C502C8E00736B9B /* smswithoutborders_libsig_doubleratchet.swift */ = {isa = PBXFileReference; lastKnownFileType = sourcecode.swift; path = smswithoutborders_libsig_doubleratchet.swift; sourceTree = "<group>"; };
		3BCBA3BE2C502DCD00736B9B /* protocols.swift */ = {isa = PBXFileReference; lastKnownFileType = sourcecode.swift; path = protocols.swift; sourceTree = "<group>"; };
		3BCBA3C22C5030DD00736B9B /* SecurityCurve25519.swift */ = {isa = PBXFileReference; lastKnownFileType = sourcecode.swift; path = SecurityCurve25519.swift; sourceTree = "<group>"; };
		3BCBA3C52C50331F00736B9B /* headers.swift */ = {isa = PBXFileReference; lastKnownFileType = sourcecode.swift; path = headers.swift; sourceTree = "<group>"; };
		3BCBA3C72C50333200736B9B /* states.swift */ = {isa = PBXFileReference; lastKnownFileType = sourcecode.swift; path = states.swift; sourceTree = "<group>"; };
		3BDADAE32C56DF2700539E57 /* CryptoHelper.swift */ = {isa = PBXFileReference; lastKnownFileType = sourcecode.swift; path = CryptoHelper.swift; sourceTree = "<group>"; };
		3BDADAEC2C57C39300539E57 /* smswithoutborders_libsig_doubleratchet_Test.xctest */ = {isa = PBXFileReference; explicitFileType = wrapper.cfbundle; includeInIndex = 0; path = smswithoutborders_libsig_doubleratchet_Test.xctest; sourceTree = BUILT_PRODUCTS_DIR; };
		3BDADAEE2C57C39300539E57 /* smswithoutborders_libsig_doubleratchet_Test.swift */ = {isa = PBXFileReference; lastKnownFileType = sourcecode.swift; path = smswithoutborders_libsig_doubleratchet_Test.swift; sourceTree = "<group>"; };
		3BDADAF62C5A406300539E57 /* Commons.swift */ = {isa = PBXFileReference; lastKnownFileType = sourcecode.swift; path = Commons.swift; sourceTree = "<group>"; };
/* End PBXFileReference section */

/* Begin PBXFrameworksBuildPhase section */
		3BCBA3B12C502C8E00736B9B /* Frameworks */ = {
			isa = PBXFrameworksBuildPhase;
			buildActionMask = 2147483647;
			files = (
				3BDADAE72C56F95200539E57 /* CryptoSwift in Frameworks */,
			);
			runOnlyForDeploymentPostprocessing = 0;
		};
		3BDADAE92C57C39300539E57 /* Frameworks */ = {
			isa = PBXFrameworksBuildPhase;
			buildActionMask = 2147483647;
			files = (
				3BDADAF02C57C39300539E57 /* libsmswithoutborders_libsig_doubleratchet.a in Frameworks */,
			);
			runOnlyForDeploymentPostprocessing = 0;
		};
/* End PBXFrameworksBuildPhase section */

/* Begin PBXGroup section */
		3BCBA3AB2C502C8E00736B9B = {
			isa = PBXGroup;
			children = (
				3BCBA3B62C502C8E00736B9B /* smswithoutborders_libsig_doubleratchet */,
				3BDADAED2C57C39300539E57 /* smswithoutborders_libsig_doubleratchet_Test */,
				3BCBA3B52C502C8E00736B9B /* Products */,
			);
			sourceTree = "<group>";
		};
		3BCBA3B52C502C8E00736B9B /* Products */ = {
			isa = PBXGroup;
			children = (
				3BCBA3B42C502C8E00736B9B /* libsmswithoutborders_libsig_doubleratchet.a */,
				3BDADAEC2C57C39300539E57 /* smswithoutborders_libsig_doubleratchet_Test.xctest */,
			);
			name = Products;
			sourceTree = "<group>";
		};
		3BCBA3B62C502C8E00736B9B /* smswithoutborders_libsig_doubleratchet */ = {
			isa = PBXGroup;
			children = (
				3BCBA3C42C50313100736B9B /* Ratchets */,
				3BCBA3B72C502C8E00736B9B /* smswithoutborders_libsig_doubleratchet.swift */,
				3BCBA3C22C5030DD00736B9B /* SecurityCurve25519.swift */,
				3BDADAE32C56DF2700539E57 /* CryptoHelper.swift */,
				3BDADAF62C5A406300539E57 /* Commons.swift */,
			);
			path = smswithoutborders_libsig_doubleratchet;
			sourceTree = "<group>";
		};
		3BCBA3C42C50313100736B9B /* Ratchets */ = {
			isa = PBXGroup;
			children = (
				3BCBA3BE2C502DCD00736B9B /* protocols.swift */,
				3BCBA3C52C50331F00736B9B /* headers.swift */,
				3BCBA3C72C50333200736B9B /* states.swift */,
			);
			path = Ratchets;
			sourceTree = "<group>";
		};
		3BDADAED2C57C39300539E57 /* smswithoutborders_libsig_doubleratchet_Test */ = {
			isa = PBXGroup;
			children = (
				3BDADAEE2C57C39300539E57 /* smswithoutborders_libsig_doubleratchet_Test.swift */,
			);
			path = smswithoutborders_libsig_doubleratchet_Test;
			sourceTree = "<group>";
		};
/* End PBXGroup section */

/* Begin PBXNativeTarget section */
		3BCBA3B32C502C8E00736B9B /* smswithoutborders_libsig_doubleratchet */ = {
			isa = PBXNativeTarget;
			buildConfigurationList = 3BCBA3BB2C502C8E00736B9B /* Build configuration list for PBXNativeTarget "smswithoutborders_libsig_doubleratchet" */;
			buildPhases = (
				3BCBA3B02C502C8E00736B9B /* Sources */,
				3BCBA3B12C502C8E00736B9B /* Frameworks */,
				3BCBA3B22C502C8E00736B9B /* CopyFiles */,
			);
			buildRules = (
			);
			dependencies = (
			);
			name = smswithoutborders_libsig_doubleratchet;
			packageProductDependencies = (
				3BDADAE62C56F95200539E57 /* CryptoSwift */,
			);
			productName = smswithoutborders_libsig_doubleratchet;
			productReference = 3BCBA3B42C502C8E00736B9B /* libsmswithoutborders_libsig_doubleratchet.a */;
			productType = "com.apple.product-type.library.static";
		};
		3BDADAEB2C57C39300539E57 /* smswithoutborders_libsig_doubleratchet_Test */ = {
			isa = PBXNativeTarget;
			buildConfigurationList = 3BDADAF32C57C39300539E57 /* Build configuration list for PBXNativeTarget "smswithoutborders_libsig_doubleratchet_Test" */;
			buildPhases = (
				3BDADAE82C57C39300539E57 /* Sources */,
				3BDADAE92C57C39300539E57 /* Frameworks */,
				3BDADAEA2C57C39300539E57 /* Resources */,
			);
			buildRules = (
			);
			dependencies = (
				3BDADAF22C57C39300539E57 /* PBXTargetDependency */,
			);
			name = smswithoutborders_libsig_doubleratchet_Test;
			productName = smswithoutborders_libsig_doubleratchet_Test;
			productReference = 3BDADAEC2C57C39300539E57 /* smswithoutborders_libsig_doubleratchet_Test.xctest */;
			productType = "com.apple.product-type.bundle.unit-test";
		};
/* End PBXNativeTarget section */

/* Begin PBXProject section */
		3BCBA3AC2C502C8E00736B9B /* Project object */ = {
			isa = PBXProject;
			attributes = {
				BuildIndependentTargetsInParallel = 1;
				LastSwiftUpdateCheck = 1600;
				LastUpgradeCheck = 1600;
				TargetAttributes = {
					3BCBA3B32C502C8E00736B9B = {
						CreatedOnToolsVersion = 16.0;
					};
					3BDADAEB2C57C39300539E57 = {
						CreatedOnToolsVersion = 16.0;
					};
				};
			};
			buildConfigurationList = 3BCBA3AF2C502C8E00736B9B /* Build configuration list for PBXProject "smswithoutborders_libsig_doubleratchet" */;
			compatibilityVersion = "Xcode 15.0";
			developmentRegion = en;
			hasScannedForEncodings = 0;
			knownRegions = (
				en,
				Base,
			);
			mainGroup = 3BCBA3AB2C502C8E00736B9B;
			packageReferences = (
				3BDADAE52C56F95200539E57 /* XCRemoteSwiftPackageReference "CryptoSwift" */,
			);
			productRefGroup = 3BCBA3B52C502C8E00736B9B /* Products */;
			projectDirPath = "";
			projectRoot = "";
			targets = (
				3BCBA3B32C502C8E00736B9B /* smswithoutborders_libsig_doubleratchet */,
				3BDADAEB2C57C39300539E57 /* smswithoutborders_libsig_doubleratchet_Test */,
			);
		};
/* End PBXProject section */

/* Begin PBXResourcesBuildPhase section */
		3BDADAEA2C57C39300539E57 /* Resources */ = {
			isa = PBXResourcesBuildPhase;
			buildActionMask = 2147483647;
			files = (
			);
			runOnlyForDeploymentPostprocessing = 0;
		};
/* End PBXResourcesBuildPhase section */

/* Begin PBXSourcesBuildPhase section */
		3BCBA3B02C502C8E00736B9B /* Sources */ = {
			isa = PBXSourcesBuildPhase;
			buildActionMask = 2147483647;
			files = (
				3BDADAE42C56DF2700539E57 /* CryptoHelper.swift in Sources */,
				3BCBA3C62C50331F00736B9B /* headers.swift in Sources */,
				3BCBA3B82C502C8E00736B9B /* smswithoutborders_libsig_doubleratchet.swift in Sources */,
				3BCBA3C82C50333200736B9B /* states.swift in Sources */,
				3BCBA3C32C5030DD00736B9B /* SecurityCurve25519.swift in Sources */,
				3BCBA3BF2C502DCD00736B9B /* protocols.swift in Sources */,
				3BDADAF72C5A406300539E57 /* Commons.swift in Sources */,
			);
			runOnlyForDeploymentPostprocessing = 0;
		};
		3BDADAE82C57C39300539E57 /* Sources */ = {
			isa = PBXSourcesBuildPhase;
			buildActionMask = 2147483647;
			files = (
				3BDADAEF2C57C39300539E57 /* smswithoutborders_libsig_doubleratchet_Test.swift in Sources */,
			);
			runOnlyForDeploymentPostprocessing = 0;
		};
/* End PBXSourcesBuildPhase section */

/* Begin PBXTargetDependency section */
		3BDADAF22C57C39300539E57 /* PBXTargetDependency */ = {
			isa = PBXTargetDependency;
			target = 3BCBA3B32C502C8E00736B9B /* smswithoutborders_libsig_doubleratchet */;
			targetProxy = 3BDADAF12C57C39300539E57 /* PBXContainerItemProxy */;
		};
/* End PBXTargetDependency section */

/* Begin XCBuildConfiguration section */
		3BCBA3B92C502C8E00736B9B /* Debug */ = {
			isa = XCBuildConfiguration;
			buildSettings = {
				ALWAYS_SEARCH_USER_PATHS = NO;
				ASSETCATALOG_COMPILER_GENERATE_SWIFT_ASSET_SYMBOL_EXTENSIONS = YES;
				CLANG_ANALYZER_NONNULL = YES;
				CLANG_ANALYZER_NUMBER_OBJECT_CONVERSION = YES_AGGRESSIVE;
				CLANG_CXX_LANGUAGE_STANDARD = "gnu++20";
				CLANG_ENABLE_MODULES = YES;
				CLANG_ENABLE_OBJC_ARC = YES;
				CLANG_ENABLE_OBJC_WEAK = YES;
				CLANG_WARN_BLOCK_CAPTURE_AUTORELEASING = YES;
				CLANG_WARN_BOOL_CONVERSION = YES;
				CLANG_WARN_COMMA = YES;
				CLANG_WARN_CONSTANT_CONVERSION = YES;
				CLANG_WARN_DEPRECATED_OBJC_IMPLEMENTATIONS = YES;
				CLANG_WARN_DIRECT_OBJC_ISA_USAGE = YES_ERROR;
				CLANG_WARN_DOCUMENTATION_COMMENTS = YES;
				CLANG_WARN_EMPTY_BODY = YES;
				CLANG_WARN_ENUM_CONVERSION = YES;
				CLANG_WARN_INFINITE_RECURSION = YES;
				CLANG_WARN_INT_CONVERSION = YES;
				CLANG_WARN_NON_LITERAL_NULL_CONVERSION = YES;
				CLANG_WARN_OBJC_IMPLICIT_RETAIN_SELF = YES;
				CLANG_WARN_OBJC_LITERAL_CONVERSION = YES;
				CLANG_WARN_OBJC_ROOT_CLASS = YES_ERROR;
				CLANG_WARN_QUOTED_INCLUDE_IN_FRAMEWORK_HEADER = YES;
				CLANG_WARN_RANGE_LOOP_ANALYSIS = YES;
				CLANG_WARN_STRICT_PROTOTYPES = YES;
				CLANG_WARN_SUSPICIOUS_MOVE = YES;
				CLANG_WARN_UNGUARDED_AVAILABILITY = YES_AGGRESSIVE;
				CLANG_WARN_UNREACHABLE_CODE = YES;
				CLANG_WARN__DUPLICATE_METHOD_MATCH = YES;
				COPY_PHASE_STRIP = NO;
				DEBUG_INFORMATION_FORMAT = dwarf;
				ENABLE_STRICT_OBJC_MSGSEND = YES;
				ENABLE_TESTABILITY = YES;
				ENABLE_USER_SCRIPT_SANDBOXING = YES;
				GCC_C_LANGUAGE_STANDARD = gnu17;
				GCC_DYNAMIC_NO_PIC = NO;
				GCC_NO_COMMON_BLOCKS = YES;
				GCC_OPTIMIZATION_LEVEL = 0;
				GCC_PREPROCESSOR_DEFINITIONS = (
					"DEBUG=1",
					"$(inherited)",
				);
				GCC_WARN_64_TO_32_BIT_CONVERSION = YES;
				GCC_WARN_ABOUT_RETURN_TYPE = YES_ERROR;
				GCC_WARN_UNDECLARED_SELECTOR = YES;
				GCC_WARN_UNINITIALIZED_AUTOS = YES_AGGRESSIVE;
				GCC_WARN_UNUSED_FUNCTION = YES;
				GCC_WARN_UNUSED_VARIABLE = YES;
				IPHONEOS_DEPLOYMENT_TARGET = 18.0;
				LOCALIZATION_PREFERS_STRING_CATALOGS = YES;
				MTL_ENABLE_DEBUG_INFO = INCLUDE_SOURCE;
				MTL_FAST_MATH = YES;
				ONLY_ACTIVE_ARCH = YES;
				SDKROOT = iphoneos;
				SWIFT_ACTIVE_COMPILATION_CONDITIONS = "DEBUG $(inherited)";
				SWIFT_OPTIMIZATION_LEVEL = "-Onone";
			};
			name = Debug;
		};
		3BCBA3BA2C502C8E00736B9B /* Release */ = {
			isa = XCBuildConfiguration;
			buildSettings = {
				ALWAYS_SEARCH_USER_PATHS = NO;
				ASSETCATALOG_COMPILER_GENERATE_SWIFT_ASSET_SYMBOL_EXTENSIONS = YES;
				CLANG_ANALYZER_NONNULL = YES;
				CLANG_ANALYZER_NUMBER_OBJECT_CONVERSION = YES_AGGRESSIVE;
				CLANG_CXX_LANGUAGE_STANDARD = "gnu++20";
				CLANG_ENABLE_MODULES = YES;
				CLANG_ENABLE_OBJC_ARC = YES;
				CLANG_ENABLE_OBJC_WEAK = YES;
				CLANG_WARN_BLOCK_CAPTURE_AUTORELEASING = YES;
				CLANG_WARN_BOOL_CONVERSION = YES;
				CLANG_WARN_COMMA = YES;
				CLANG_WARN_CONSTANT_CONVERSION = YES;
				CLANG_WARN_DEPRECATED_OBJC_IMPLEMENTATIONS = YES;
				CLANG_WARN_DIRECT_OBJC_ISA_USAGE = YES_ERROR;
				CLANG_WARN_DOCUMENTATION_COMMENTS = YES;
				CLANG_WARN_EMPTY_BODY = YES;
				CLANG_WARN_ENUM_CONVERSION = YES;
				CLANG_WARN_INFINITE_RECURSION = YES;
				CLANG_WARN_INT_CONVERSION = YES;
				CLANG_WARN_NON_LITERAL_NULL_CONVERSION = YES;
				CLANG_WARN_OBJC_IMPLICIT_RETAIN_SELF = YES;
				CLANG_WARN_OBJC_LITERAL_CONVERSION = YES;
				CLANG_WARN_OBJC_ROOT_CLASS = YES_ERROR;
				CLANG_WARN_QUOTED_INCLUDE_IN_FRAMEWORK_HEADER = YES;
				CLANG_WARN_RANGE_LOOP_ANALYSIS = YES;
				CLANG_WARN_STRICT_PROTOTYPES = YES;
				CLANG_WARN_SUSPICIOUS_MOVE = YES;
				CLANG_WARN_UNGUARDED_AVAILABILITY = YES_AGGRESSIVE;
				CLANG_WARN_UNREACHABLE_CODE = YES;
				CLANG_WARN__DUPLICATE_METHOD_MATCH = YES;
				COPY_PHASE_STRIP = NO;
				DEBUG_INFORMATION_FORMAT = "dwarf-with-dsym";
				ENABLE_NS_ASSERTIONS = NO;
				ENABLE_STRICT_OBJC_MSGSEND = YES;
				ENABLE_USER_SCRIPT_SANDBOXING = YES;
				GCC_C_LANGUAGE_STANDARD = gnu17;
				GCC_NO_COMMON_BLOCKS = YES;
				GCC_WARN_64_TO_32_BIT_CONVERSION = YES;
				GCC_WARN_ABOUT_RETURN_TYPE = YES_ERROR;
				GCC_WARN_UNDECLARED_SELECTOR = YES;
				GCC_WARN_UNINITIALIZED_AUTOS = YES_AGGRESSIVE;
				GCC_WARN_UNUSED_FUNCTION = YES;
				GCC_WARN_UNUSED_VARIABLE = YES;
				IPHONEOS_DEPLOYMENT_TARGET = 18.0;
				LOCALIZATION_PREFERS_STRING_CATALOGS = YES;
				MTL_ENABLE_DEBUG_INFO = NO;
				MTL_FAST_MATH = YES;
				SDKROOT = iphoneos;
				SWIFT_COMPILATION_MODE = wholemodule;
				VALIDATE_PRODUCT = YES;
			};
			name = Release;
		};
		3BCBA3BC2C502C8E00736B9B /* Debug */ = {
			isa = XCBuildConfiguration;
			buildSettings = {
				CODE_SIGN_STYLE = Automatic;
				OTHER_LDFLAGS = "-ObjC";
				PRODUCT_NAME = "$(TARGET_NAME)";
				SKIP_INSTALL = YES;
				SWIFT_VERSION = 5.0;
				TARGETED_DEVICE_FAMILY = "1,2";
			};
			name = Debug;
		};
		3BCBA3BD2C502C8E00736B9B /* Release */ = {
			isa = XCBuildConfiguration;
			buildSettings = {
				CODE_SIGN_STYLE = Automatic;
				OTHER_LDFLAGS = "-ObjC";
				PRODUCT_NAME = "$(TARGET_NAME)";
				SKIP_INSTALL = YES;
				SWIFT_VERSION = 5.0;
				TARGETED_DEVICE_FAMILY = "1,2";
			};
			name = Release;
		};
		3BDADAF42C57C39300539E57 /* Debug */ = {
			isa = XCBuildConfiguration;
			buildSettings = {
				CODE_SIGN_STYLE = Automatic;
				CURRENT_PROJECT_VERSION = 1;
				GENERATE_INFOPLIST_FILE = YES;
				MARKETING_VERSION = 1.0;
				PRODUCT_BUNDLE_IDENTIFIER = "com.afkanerd.smswithoutborders-libsig-doubleratchet-Test";
				PRODUCT_NAME = "$(TARGET_NAME)";
				SWIFT_EMIT_LOC_STRINGS = NO;
				SWIFT_VERSION = 5.0;
				TARGETED_DEVICE_FAMILY = "1,2";
			};
			name = Debug;
		};
		3BDADAF52C57C39300539E57 /* Release */ = {
			isa = XCBuildConfiguration;
			buildSettings = {
				CODE_SIGN_STYLE = Automatic;
				CURRENT_PROJECT_VERSION = 1;
				GENERATE_INFOPLIST_FILE = YES;
				MARKETING_VERSION = 1.0;
				PRODUCT_BUNDLE_IDENTIFIER = "com.afkanerd.smswithoutborders-libsig-doubleratchet-Test";
				PRODUCT_NAME = "$(TARGET_NAME)";
				SWIFT_EMIT_LOC_STRINGS = NO;
				SWIFT_VERSION = 5.0;
				TARGETED_DEVICE_FAMILY = "1,2";
			};
			name = Release;
		};
/* End XCBuildConfiguration section */

/* Begin XCConfigurationList section */
		3BCBA3AF2C502C8E00736B9B /* Build configuration list for PBXProject "smswithoutborders_libsig_doubleratchet" */ = {
			isa = XCConfigurationList;
			buildConfigurations = (
				3BCBA3B92C502C8E00736B9B /* Debug */,
				3BCBA3BA2C502C8E00736B9B /* Release */,
			);
			defaultConfigurationIsVisible = 0;
			defaultConfigurationName = Release;
		};
		3BCBA3BB2C502C8E00736B9B /* Build configuration list for PBXNativeTarget "smswithoutborders_libsig_doubleratchet" */ = {
			isa = XCConfigurationList;
			buildConfigurations = (
				3BCBA3BC2C502C8E00736B9B /* Debug */,
				3BCBA3BD2C502C8E00736B9B /* Release */,
			);
			defaultConfigurationIsVisible = 0;
			defaultConfigurationName = Release;
		};
		3BDADAF32C57C39300539E57 /* Build configuration list for PBXNativeTarget "smswithoutborders_libsig_doubleratchet_Test" */ = {
			isa = XCConfigurationList;
			buildConfigurations = (
				3BDADAF42C57C39300539E57 /* Debug */,
				3BDADAF52C57C39300539E57 /* Release */,
			);
			defaultConfigurationIsVisible = 0;
			defaultConfigurationName = Release;
		};
/* End XCConfigurationList section */

/* Begin XCRemoteSwiftPackageReference section */
		3BDADAE52C56F95200539E57 /* XCRemoteSwiftPackageReference "CryptoSwift" */ = {
			isa = XCRemoteSwiftPackageReference;
			repositoryURL = "https://github.com/krzyzanowskim/CryptoSwift.git";
			requirement = {
				kind = upToNextMajorVersion;
				minimumVersion = 1.8.2;
			};
		};
/* End XCRemoteSwiftPackageReference section */

/* Begin XCSwiftPackageProductDependency section */
		3BDADAE62C56F95200539E57 /* CryptoSwift */ = {
			isa = XCSwiftPackageProductDependency;
			package = 3BDADAE52C56F95200539E57 /* XCRemoteSwiftPackageReference "CryptoSwift" */;
			productName = CryptoSwift;
		};
/* End XCSwiftPackageProductDependency section */
	};
	rootObject = 3BCBA3AC2C502C8E00736B9B /* Project object */;
}
